
Microsoft Visual Studio Solution File, Format Version 12.00
# Visual Studio Version 17
VisualStudioVersion = 17.7.34031.279
MinimumVisualStudioVersion = 10.0.40219.1
Project("{FAE04EC0-301F-11D3-BF4B-00C04F79EFBC}") = "lab6_3", "lab6_3\lab6_3.csproj", "{AA16D49A-96CF-481E-BF82-3B0D007403F9}"
EndProject
Global
	GlobalSection(SolutionConfigurationPlatforms) = preSolution
		Debug|Any CPU = Debug|Any CPU
		Release|Any CPU = Release|Any CPU
	EndGlobalSection
	GlobalSection(ProjectConfigurationPlatforms) = postSolution
		{AA16D49A-96CF-481E-BF82-3B0D007403F9}.Debug|Any CPU.ActiveCfg = Debug|Any CPU
		{AA16D49A-96CF-481E-BF82-3B0D007403F9}.Debug|Any CPU.Build.0 = Debug|Any CPU
		{AA16D49A-96CF-481E-BF82-3B0D007403F9}.Release|Any CPU.ActiveCfg = Release|Any CPU
		{AA16D49A-96CF-481E-BF82-3B0D007403F9}.Release|Any CPU.Build.0 = Release|Any CPU
	EndGlobalSection
	GlobalSection(SolutionProperties) = preSolution
		HideSolutionNode = FALSE
	EndGlobalSection
	GlobalSection(ExtensibilityGlobals) = postSolution
		SolutionGuid = {7FEB9D73-D2DD-425D-A0DE-4CA706E677C3}
	EndGlobalSection
EndGlobal
